// !$*UTF8*$!
{
	archiveVersion = 1;
	classes = {
	};
	objectVersion = 46;
	objects = {

/* Begin PBXBuildFile section */
		C918DD751897B70D00621806 /* WCFastCollectionViewCell.m in Sources */ = {isa = PBXBuildFile; fileRef = C918DD741897B70D00621806 /* WCFastCollectionViewCell.m */; };
		C918DD781897B7CA00621806 /* WCFastCellDrawingLayerDelegate.m in Sources */ = {isa = PBXBuildFile; fileRef = C918DD771897B7CA00621806 /* WCFastCellDrawingLayerDelegate.m */; };
		C918DD801897BA3400621806 /* WCFastCellCommon.m in Sources */ = {isa = PBXBuildFile; fileRef = C918DD7F1897BA3400621806 /* WCFastCellCommon.m */; };
		C96FFBFC188EC4ED0075A1EF /* NSString+RandomString.m in Sources */ = {isa = PBXBuildFile; fileRef = C96FFBFB188EC4ED0075A1EF /* NSString+RandomString.m */; };
		C98A27B9188FFB67009FCD18 /* WCFastCell.m in Sources */ = {isa = PBXBuildFile; fileRef = C98A27B1188FFB67009FCD18 /* WCFastCell.m */; };
		C98A27BA188FFB67009FCD18 /* WCFCImageView.m in Sources */ = {isa = PBXBuildFile; fileRef = C98A27B4188FFB67009FCD18 /* WCFCImageView.m */; };
		C98A27BB188FFB67009FCD18 /* WCFCLabel.m in Sources */ = {isa = PBXBuildFile; fileRef = C98A27B6188FFB67009FCD18 /* WCFCLabel.m */; };
		C98A27BC188FFB67009FCD18 /* WCFCObject.m in Sources */ = {isa = PBXBuildFile; fileRef = C98A27B8188FFB67009FCD18 /* WCFCObject.m */; };
		C9E9D19E188EB98F007EC932 /* Foundation.framework in Frameworks */ = {isa = PBXBuildFile; fileRef = C9E9D19D188EB98F007EC932 /* Foundation.framework */; };
		C9E9D1A0188EB98F007EC932 /* CoreGraphics.framework in Frameworks */ = {isa = PBXBuildFile; fileRef = C9E9D19F188EB98F007EC932 /* CoreGraphics.framework */; };
		C9E9D1A2188EB98F007EC932 /* UIKit.framework in Frameworks */ = {isa = PBXBuildFile; fileRef = C9E9D1A1188EB98F007EC932 /* UIKit.framework */; };
		C9E9D1A8188EB98F007EC932 /* InfoPlist.strings in Resources */ = {isa = PBXBuildFile; fileRef = C9E9D1A6188EB98F007EC932 /* InfoPlist.strings */; };
		C9E9D1AA188EB98F007EC932 /* main.m in Sources */ = {isa = PBXBuildFile; fileRef = C9E9D1A9188EB98F007EC932 /* main.m */; };
		C9E9D1AE188EB98F007EC932 /* TestAppDelegate.m in Sources */ = {isa = PBXBuildFile; fileRef = C9E9D1AD188EB98F007EC932 /* TestAppDelegate.m */; };
		C9E9D1B1188EB98F007EC932 /* Main.storyboard in Resources */ = {isa = PBXBuildFile; fileRef = C9E9D1AF188EB98F007EC932 /* Main.storyboard */; };
		C9E9D1B4188EB98F007EC932 /* TestMasterViewController.m in Sources */ = {isa = PBXBuildFile; fileRef = C9E9D1B3188EB98F007EC932 /* TestMasterViewController.m */; };
		C9E9D1B9188EB98F007EC932 /* Images.xcassets in Resources */ = {isa = PBXBuildFile; fileRef = C9E9D1B8188EB98F007EC932 /* Images.xcassets */; };
		C9E9D1C0188EB990007EC932 /* XCTest.framework in Frameworks */ = {isa = PBXBuildFile; fileRef = C9E9D1BF188EB990007EC932 /* XCTest.framework */; };
		C9E9D1C1188EB990007EC932 /* Foundation.framework in Frameworks */ = {isa = PBXBuildFile; fileRef = C9E9D19D188EB98F007EC932 /* Foundation.framework */; };
		C9E9D1C2188EB990007EC932 /* UIKit.framework in Frameworks */ = {isa = PBXBuildFile; fileRef = C9E9D1A1188EB98F007EC932 /* UIKit.framework */; };
		C9E9D1CA188EB991007EC932 /* InfoPlist.strings in Resources */ = {isa = PBXBuildFile; fileRef = C9E9D1C8188EB991007EC932 /* InfoPlist.strings */; };
		C9E9D1CC188EB991007EC932 /* WCFastCellTestTests.m in Sources */ = {isa = PBXBuildFile; fileRef = C9E9D1CB188EB991007EC932 /* WCFastCellTestTests.m */; };
		C9E9D1E8188EBB2C007EC932 /* TestCell.m in Sources */ = {isa = PBXBuildFile; fileRef = C9E9D1E7188EBB2C007EC932 /* TestCell.m */; };
		C9E9D1EA188EBF89007EC932 /* WCTestCell.h in Resources */ = {isa = PBXBuildFile; fileRef = C9E9D1E9188EBF89007EC932 /* WCTestCell.h */; };
		C9E9D1EC188EBFB9007EC932 /* WCTestCell.m in Sources */ = {isa = PBXBuildFile; fileRef = C9E9D1EB188EBFB9007EC932 /* WCTestCell.m */; };
		C9E9D1EF188EC14D007EC932 /* TestCellViewController.m in Sources */ = {isa = PBXBuildFile; fileRef = C9E9D1EE188EC14D007EC932 /* TestCellViewController.m */; };
		C9E9D1F2188EC15E007EC932 /* WCTestViewController.m in Sources */ = {isa = PBXBuildFile; fileRef = C9E9D1F1188EC15E007EC932 /* WCTestViewController.m */; };
/* End PBXBuildFile section */

/* Begin PBXContainerItemProxy section */
		C9E9D1C3188EB990007EC932 /* PBXContainerItemProxy */ = {
			isa = PBXContainerItemProxy;
			containerPortal = C9E9D192188EB98F007EC932 /* Project object */;
			proxyType = 1;
			remoteGlobalIDString = C9E9D199188EB98F007EC932;
			remoteInfo = WCFastCellTest;
		};
/* End PBXContainerItemProxy section */

/* Begin PBXFileReference section */
		C918DD731897B70D00621806 /* WCFastCollectionViewCell.h */ = {isa = PBXFileReference; fileEncoding = 4; lastKnownFileType = sourcecode.c.h; name = WCFastCollectionViewCell.h; path = ../../Classes/ios/WCFastCollectionViewCell.h; sourceTree = "<group>"; };
		C918DD741897B70D00621806 /* WCFastCollectionViewCell.m */ = {isa = PBXFileReference; fileEncoding = 4; lastKnownFileType = sourcecode.c.objc; name = WCFastCollectionViewCell.m; path = ../../Classes/ios/WCFastCollectionViewCell.m; sourceTree = "<group>"; };
		C918DD761897B7CA00621806 /* WCFastCellDrawingLayerDelegate.h */ = {isa = PBXFileReference; fileEncoding = 4; lastKnownFileType = sourcecode.c.h; name = WCFastCellDrawingLayerDelegate.h; path = ../../Classes/ios/WCFastCellDrawingLayerDelegate.h; sourceTree = "<group>"; };
		C918DD771897B7CA00621806 /* WCFastCellDrawingLayerDelegate.m */ = {isa = PBXFileReference; fileEncoding = 4; lastKnownFileType = sourcecode.c.objc; name = WCFastCellDrawingLayerDelegate.m; path = ../../Classes/ios/WCFastCellDrawingLayerDelegate.m; sourceTree = "<group>"; };
		C918DD7E1897BA3400621806 /* WCFastCellCommon.h */ = {isa = PBXFileReference; fileEncoding = 4; lastKnownFileType = sourcecode.c.h; name = WCFastCellCommon.h; path = ../../Classes/ios/WCFastCellCommon.h; sourceTree = "<group>"; };
		C918DD7F1897BA3400621806 /* WCFastCellCommon.m */ = {isa = PBXFileReference; fileEncoding = 4; lastKnownFileType = sourcecode.c.objc; name = WCFastCellCommon.m; path = ../../Classes/ios/WCFastCellCommon.m; sourceTree = "<group>"; };
		C96FFBFA188EC4ED0075A1EF /* NSString+RandomString.h */ = {isa = PBXFileReference; fileEncoding = 4; lastKnownFileType = sourcecode.c.h; path = "NSString+RandomString.h"; sourceTree = "<group>"; };
		C96FFBFB188EC4ED0075A1EF /* NSString+RandomString.m */ = {isa = PBXFileReference; fileEncoding = 4; lastKnownFileType = sourcecode.c.objc; path = "NSString+RandomString.m"; sourceTree = "<group>"; };
		C98A27B0188FFB67009FCD18 /* WCFastCell.h */ = {isa = PBXFileReference; fileEncoding = 4; lastKnownFileType = sourcecode.c.h; name = WCFastCell.h; path = ../../Classes/ios/WCFastCell.h; sourceTree = "<group>"; };
		C98A27B1188FFB67009FCD18 /* WCFastCell.m */ = {isa = PBXFileReference; fileEncoding = 4; lastKnownFileType = sourcecode.c.objc; name = WCFastCell.m; path = ../../Classes/ios/WCFastCell.m; sourceTree = "<group>"; };
		C98A27B2188FFB67009FCD18 /* WCFastCell+PrivateAdditions.h */ = {isa = PBXFileReference; fileEncoding = 4; lastKnownFileType = sourcecode.c.h; name = "WCFastCell+PrivateAdditions.h"; path = "../../Classes/ios/WCFastCell+PrivateAdditions.h"; sourceTree = "<group>"; };
		C98A27B3188FFB67009FCD18 /* WCFCImageView.h */ = {isa = PBXFileReference; fileEncoding = 4; lastKnownFileType = sourcecode.c.h; name = WCFCImageView.h; path = ../../Classes/ios/WCFCImageView.h; sourceTree = "<group>"; };
		C98A27B4188FFB67009FCD18 /* WCFCImageView.m */ = {isa = PBXFileReference; fileEncoding = 4; lastKnownFileType = sourcecode.c.objc; name = WCFCImageView.m; path = ../../Classes/ios/WCFCImageView.m; sourceTree = "<group>"; };
		C98A27B5188FFB67009FCD18 /* WCFCLabel.h */ = {isa = PBXFileReference; fileEncoding = 4; lastKnownFileType = sourcecode.c.h; name = WCFCLabel.h; path = ../../Classes/ios/WCFCLabel.h; sourceTree = "<group>"; };
		C98A27B6188FFB67009FCD18 /* WCFCLabel.m */ = {isa = PBXFileReference; fileEncoding = 4; lastKnownFileType = sourcecode.c.objc; name = WCFCLabel.m; path = ../../Classes/ios/WCFCLabel.m; sourceTree = "<group>"; };
		C98A27B7188FFB67009FCD18 /* WCFCObject.h */ = {isa = PBXFileReference; fileEncoding = 4; lastKnownFileType = sourcecode.c.h; name = WCFCObject.h; path = ../../Classes/ios/WCFCObject.h; sourceTree = "<group>"; };
		C98A27B8188FFB67009FCD18 /* WCFCObject.m */ = {isa = PBXFileReference; fileEncoding = 4; lastKnownFileType = sourcecode.c.objc; name = WCFCObject.m; path = ../../Classes/ios/WCFCObject.m; sourceTree = "<group>"; };
		C9E9D19A188EB98F007EC932 /* WCFastCellTest.app */ = {isa = PBXFileReference; explicitFileType = wrapper.application; includeInIndex = 0; path = WCFastCellTest.app; sourceTree = BUILT_PRODUCTS_DIR; };
		C9E9D19D188EB98F007EC932 /* Foundation.framework */ = {isa = PBXFileReference; lastKnownFileType = wrapper.framework; name = Foundation.framework; path = System/Library/Frameworks/Foundation.framework; sourceTree = SDKROOT; };
		C9E9D19F188EB98F007EC932 /* CoreGraphics.framework */ = {isa = PBXFileReference; lastKnownFileType = wrapper.framework; name = CoreGraphics.framework; path = System/Library/Frameworks/CoreGraphics.framework; sourceTree = SDKROOT; };
		C9E9D1A1188EB98F007EC932 /* UIKit.framework */ = {isa = PBXFileReference; lastKnownFileType = wrapper.framework; name = UIKit.framework; path = System/Library/Frameworks/UIKit.framework; sourceTree = SDKROOT; };
		C9E9D1A5188EB98F007EC932 /* WCFastCellTest-Info.plist */ = {isa = PBXFileReference; lastKnownFileType = text.plist.xml; path = "WCFastCellTest-Info.plist"; sourceTree = "<group>"; };
		C9E9D1A7188EB98F007EC932 /* en */ = {isa = PBXFileReference; lastKnownFileType = text.plist.strings; name = en; path = en.lproj/InfoPlist.strings; sourceTree = "<group>"; };
		C9E9D1A9188EB98F007EC932 /* main.m */ = {isa = PBXFileReference; lastKnownFileType = sourcecode.c.objc; path = main.m; sourceTree = "<group>"; };
		C9E9D1AB188EB98F007EC932 /* WCFastCellTest-Prefix.pch */ = {isa = PBXFileReference; lastKnownFileType = sourcecode.c.h; path = "WCFastCellTest-Prefix.pch"; sourceTree = "<group>"; };
		C9E9D1AC188EB98F007EC932 /* TestAppDelegate.h */ = {isa = PBXFileReference; lastKnownFileType = sourcecode.c.h; path = TestAppDelegate.h; sourceTree = "<group>"; };
		C9E9D1AD188EB98F007EC932 /* TestAppDelegate.m */ = {isa = PBXFileReference; lastKnownFileType = sourcecode.c.objc; path = TestAppDelegate.m; sourceTree = "<group>"; };
		C9E9D1B0188EB98F007EC932 /* Base */ = {isa = PBXFileReference; lastKnownFileType = file.storyboard; name = Base; path = Base.lproj/Main.storyboard; sourceTree = "<group>"; };
		C9E9D1B2188EB98F007EC932 /* TestMasterViewController.h */ = {isa = PBXFileReference; lastKnownFileType = sourcecode.c.h; path = TestMasterViewController.h; sourceTree = "<group>"; };
		C9E9D1B3188EB98F007EC932 /* TestMasterViewController.m */ = {isa = PBXFileReference; lastKnownFileType = sourcecode.c.objc; path = TestMasterViewController.m; sourceTree = "<group>"; };
		C9E9D1B8188EB98F007EC932 /* Images.xcassets */ = {isa = PBXFileReference; lastKnownFileType = folder.assetcatalog; path = Images.xcassets; sourceTree = "<group>"; };
		C9E9D1BE188EB990007EC932 /* WCFastCellTestTests.xctest */ = {isa = PBXFileReference; explicitFileType = wrapper.cfbundle; includeInIndex = 0; path = WCFastCellTestTests.xctest; sourceTree = BUILT_PRODUCTS_DIR; };
		C9E9D1BF188EB990007EC932 /* XCTest.framework */ = {isa = PBXFileReference; lastKnownFileType = wrapper.framework; name = XCTest.framework; path = Library/Frameworks/XCTest.framework; sourceTree = DEVELOPER_DIR; };
		C9E9D1C7188EB990007EC932 /* WCFastCellTestTests-Info.plist */ = {isa = PBXFileReference; lastKnownFileType = text.plist.xml; path = "WCFastCellTestTests-Info.plist"; sourceTree = "<group>"; };
		C9E9D1C9188EB991007EC932 /* en */ = {isa = PBXFileReference; lastKnownFileType = text.plist.strings; name = en; path = en.lproj/InfoPlist.strings; sourceTree = "<group>"; };
		C9E9D1CB188EB991007EC932 /* WCFastCellTestTests.m */ = {isa = PBXFileReference; lastKnownFileType = sourcecode.c.objc; path = WCFastCellTestTests.m; sourceTree = "<group>"; };
		C9E9D1E6188EBB2C007EC932 /* TestCell.h */ = {isa = PBXFileReference; fileEncoding = 4; lastKnownFileType = sourcecode.c.h; path = TestCell.h; sourceTree = "<group>"; };
		C9E9D1E7188EBB2C007EC932 /* TestCell.m */ = {isa = PBXFileReference; fileEncoding = 4; lastKnownFileType = sourcecode.c.objc; path = TestCell.m; sourceTree = "<group>"; };
		C9E9D1E9188EBF89007EC932 /* WCTestCell.h */ = {isa = PBXFileReference; fileEncoding = 4; lastKnownFileType = sourcecode.c.h; path = WCTestCell.h; sourceTree = "<group>"; };
		C9E9D1EB188EBFB9007EC932 /* WCTestCell.m */ = {isa = PBXFileReference; fileEncoding = 4; lastKnownFileType = sourcecode.c.objc; path = WCTestCell.m; sourceTree = "<group>"; };
		C9E9D1ED188EC14D007EC932 /* TestCellViewController.h */ = {isa = PBXFileReference; fileEncoding = 4; lastKnownFileType = sourcecode.c.h; path = TestCellViewController.h; sourceTree = "<group>"; };
		C9E9D1EE188EC14D007EC932 /* TestCellViewController.m */ = {isa = PBXFileReference; fileEncoding = 4; lastKnownFileType = sourcecode.c.objc; path = TestCellViewController.m; sourceTree = "<group>"; };
		C9E9D1F0188EC15E007EC932 /* WCTestViewController.h */ = {isa = PBXFileReference; fileEncoding = 4; lastKnownFileType = sourcecode.c.h; path = WCTestViewController.h; sourceTree = "<group>"; };
		C9E9D1F1188EC15E007EC932 /* WCTestViewController.m */ = {isa = PBXFileReference; fileEncoding = 4; lastKnownFileType = sourcecode.c.objc; path = WCTestViewController.m; sourceTree = "<group>"; };
/* End PBXFileReference section */

/* Begin PBXFrameworksBuildPhase section */
		C9E9D197188EB98F007EC932 /* Frameworks */ = {
			isa = PBXFrameworksBuildPhase;
			buildActionMask = 2147483647;
			files = (
				C9E9D1A0188EB98F007EC932 /* CoreGraphics.framework in Frameworks */,
				C9E9D1A2188EB98F007EC932 /* UIKit.framework in Frameworks */,
				C9E9D19E188EB98F007EC932 /* Foundation.framework in Frameworks */,
			);
			runOnlyForDeploymentPostprocessing = 0;
		};
		C9E9D1BB188EB990007EC932 /* Frameworks */ = {
			isa = PBXFrameworksBuildPhase;
			buildActionMask = 2147483647;
			files = (
				C9E9D1C0188EB990007EC932 /* XCTest.framework in Frameworks */,
				C9E9D1C2188EB990007EC932 /* UIKit.framework in Frameworks */,
				C9E9D1C1188EB990007EC932 /* Foundation.framework in Frameworks */,
			);
			runOnlyForDeploymentPostprocessing = 0;
		};
/* End PBXFrameworksBuildPhase section */

/* Begin PBXGroup section */
		C9E9D191188EB98F007EC932 = {
			isa = PBXGroup;
			children = (
				C9E9D1A3188EB98F007EC932 /* WCFastCellTest */,
				C9E9D1C5188EB990007EC932 /* WCFastCellTestTests */,
				C9E9D19C188EB98F007EC932 /* Frameworks */,
				C9E9D19B188EB98F007EC932 /* Products */,
			);
			sourceTree = "<group>";
		};
		C9E9D19B188EB98F007EC932 /* Products */ = {
			isa = PBXGroup;
			children = (
				C9E9D19A188EB98F007EC932 /* WCFastCellTest.app */,
				C9E9D1BE188EB990007EC932 /* WCFastCellTestTests.xctest */,
			);
			name = Products;
			sourceTree = "<group>";
		};
		C9E9D19C188EB98F007EC932 /* Frameworks */ = {
			isa = PBXGroup;
			children = (
				C9E9D19D188EB98F007EC932 /* Foundation.framework */,
				C9E9D19F188EB98F007EC932 /* CoreGraphics.framework */,
				C9E9D1A1188EB98F007EC932 /* UIKit.framework */,
				C9E9D1BF188EB990007EC932 /* XCTest.framework */,
			);
			name = Frameworks;
			sourceTree = "<group>";
		};
		C9E9D1A3188EB98F007EC932 /* WCFastCellTest */ = {
			isa = PBXGroup;
			children = (
				C9E9D1AC188EB98F007EC932 /* TestAppDelegate.h */,
				C9E9D1AD188EB98F007EC932 /* TestAppDelegate.m */,
				C9E9D1AF188EB98F007EC932 /* Main.storyboard */,
				C9E9D1B2188EB98F007EC932 /* TestMasterViewController.h */,
				C9E9D1B3188EB98F007EC932 /* TestMasterViewController.m */,
				C96FFBFA188EC4ED0075A1EF /* NSString+RandomString.h */,
				C96FFBFB188EC4ED0075A1EF /* NSString+RandomString.m */,
				C9E9D1ED188EC14D007EC932 /* TestCellViewController.h */,
				C9E9D1EE188EC14D007EC932 /* TestCellViewController.m */,
				C9E9D1F0188EC15E007EC932 /* WCTestViewController.h */,
				C9E9D1F1188EC15E007EC932 /* WCTestViewController.m */,
				C9E9D1E6188EBB2C007EC932 /* TestCell.h */,
				C9E9D1E7188EBB2C007EC932 /* TestCell.m */,
				C9E9D1E9188EBF89007EC932 /* WCTestCell.h */,
				C9E9D1EB188EBFB9007EC932 /* WCTestCell.m */,
				C9E9D1E5188EBAF9007EC932 /* WCFastCell */,
				C9E9D1B8188EB98F007EC932 /* Images.xcassets */,
				C9E9D1A4188EB98F007EC932 /* Supporting Files */,
			);
			path = WCFastCellTest;
			sourceTree = "<group>";
		};
		C9E9D1A4188EB98F007EC932 /* Supporting Files */ = {
			isa = PBXGroup;
			children = (
				C9E9D1A5188EB98F007EC932 /* WCFastCellTest-Info.plist */,
				C9E9D1A6188EB98F007EC932 /* InfoPlist.strings */,
				C9E9D1A9188EB98F007EC932 /* main.m */,
				C9E9D1AB188EB98F007EC932 /* WCFastCellTest-Prefix.pch */,
			);
			name = "Supporting Files";
			sourceTree = "<group>";
		};
		C9E9D1C5188EB990007EC932 /* WCFastCellTestTests */ = {
			isa = PBXGroup;
			children = (
				C9E9D1CB188EB991007EC932 /* WCFastCellTestTests.m */,
				C9E9D1C6188EB990007EC932 /* Supporting Files */,
			);
			path = WCFastCellTestTests;
			sourceTree = "<group>";
		};
		C9E9D1C6188EB990007EC932 /* Supporting Files */ = {
			isa = PBXGroup;
			children = (
				C9E9D1C7188EB990007EC932 /* WCFastCellTestTests-Info.plist */,
				C9E9D1C8188EB991007EC932 /* InfoPlist.strings */,
			);
			name = "Supporting Files";
			sourceTree = "<group>";
		};
		C9E9D1E5188EBAF9007EC932 /* WCFastCell */ = {
			isa = PBXGroup;
			children = (
				C98A27B0188FFB67009FCD18 /* WCFastCell.h */,
				C98A27B1188FFB67009FCD18 /* WCFastCell.m */,
				C918DD731897B70D00621806 /* WCFastCollectionViewCell.h */,
				C918DD741897B70D00621806 /* WCFastCollectionViewCell.m */,
				C918DD761897B7CA00621806 /* WCFastCellDrawingLayerDelegate.h */,
				C918DD771897B7CA00621806 /* WCFastCellDrawingLayerDelegate.m */,
				C98A27B2188FFB67009FCD18 /* WCFastCell+PrivateAdditions.h */,
				C918DD7E1897BA3400621806 /* WCFastCellCommon.h */,
				C918DD7F1897BA3400621806 /* WCFastCellCommon.m */,
				C98A27B3188FFB67009FCD18 /* WCFCImageView.h */,
				C98A27B4188FFB67009FCD18 /* WCFCImageView.m */,
				C98A27B5188FFB67009FCD18 /* WCFCLabel.h */,
				C98A27B6188FFB67009FCD18 /* WCFCLabel.m */,
				C98A27B7188FFB67009FCD18 /* WCFCObject.h */,
				C98A27B8188FFB67009FCD18 /* WCFCObject.m */,
			);
			name = WCFastCell;
			sourceTree = "<group>";
		};
/* End PBXGroup section */

/* Begin PBXNativeTarget section */
		C9E9D199188EB98F007EC932 /* WCFastCellTest */ = {
			isa = PBXNativeTarget;
			buildConfigurationList = C9E9D1CF188EB991007EC932 /* Build configuration list for PBXNativeTarget "WCFastCellTest" */;
			buildPhases = (
				C9E9D196188EB98F007EC932 /* Sources */,
				C9E9D197188EB98F007EC932 /* Frameworks */,
				C9E9D198188EB98F007EC932 /* Resources */,
			);
			buildRules = (
			);
			dependencies = (
			);
			name = WCFastCellTest;
			productName = WCFastCellTest;
			productReference = C9E9D19A188EB98F007EC932 /* WCFastCellTest.app */;
			productType = "com.apple.product-type.application";
		};
		C9E9D1BD188EB990007EC932 /* WCFastCellTestTests */ = {
			isa = PBXNativeTarget;
			buildConfigurationList = C9E9D1D2188EB991007EC932 /* Build configuration list for PBXNativeTarget "WCFastCellTestTests" */;
			buildPhases = (
				C9E9D1BA188EB990007EC932 /* Sources */,
				C9E9D1BB188EB990007EC932 /* Frameworks */,
				C9E9D1BC188EB990007EC932 /* Resources */,
			);
			buildRules = (
			);
			dependencies = (
				C9E9D1C4188EB990007EC932 /* PBXTargetDependency */,
			);
			name = WCFastCellTestTests;
			productName = WCFastCellTestTests;
			productReference = C9E9D1BE188EB990007EC932 /* WCFastCellTestTests.xctest */;
			productType = "com.apple.product-type.bundle.unit-test";
		};
/* End PBXNativeTarget section */

/* Begin PBXProject section */
		C9E9D192188EB98F007EC932 /* Project object */ = {
			isa = PBXProject;
			attributes = {
				CLASSPREFIX = Test;
				LastUpgradeCheck = 0510;
				ORGANIZATIONNAME = "Wojciech Czekalski";
				TargetAttributes = {
					C9E9D1BD188EB990007EC932 = {
						TestTargetID = C9E9D199188EB98F007EC932;
					};
				};
			};
			buildConfigurationList = C9E9D195188EB98F007EC932 /* Build configuration list for PBXProject "WCFastCellTest" */;
			compatibilityVersion = "Xcode 3.2";
			developmentRegion = English;
			hasScannedForEncodings = 0;
			knownRegions = (
				en,
				Base,
			);
			mainGroup = C9E9D191188EB98F007EC932;
			productRefGroup = C9E9D19B188EB98F007EC932 /* Products */;
			projectDirPath = "";
			projectRoot = "";
			targets = (
				C9E9D199188EB98F007EC932 /* WCFastCellTest */,
				C9E9D1BD188EB990007EC932 /* WCFastCellTestTests */,
			);
		};
/* End PBXProject section */

/* Begin PBXResourcesBuildPhase section */
		C9E9D198188EB98F007EC932 /* Resources */ = {
			isa = PBXResourcesBuildPhase;
			buildActionMask = 2147483647;
			files = (
				C9E9D1EA188EBF89007EC932 /* WCTestCell.h in Resources */,
				C9E9D1B9188EB98F007EC932 /* Images.xcassets in Resources */,
				C9E9D1A8188EB98F007EC932 /* InfoPlist.strings in Resources */,
				C9E9D1B1188EB98F007EC932 /* Main.storyboard in Resources */,
			);
			runOnlyForDeploymentPostprocessing = 0;
		};
		C9E9D1BC188EB990007EC932 /* Resources */ = {
			isa = PBXResourcesBuildPhase;
			buildActionMask = 2147483647;
			files = (
				C9E9D1CA188EB991007EC932 /* InfoPlist.strings in Resources */,
			);
			runOnlyForDeploymentPostprocessing = 0;
		};
/* End PBXResourcesBuildPhase section */

/* Begin PBXSourcesBuildPhase section */
		C9E9D196188EB98F007EC932 /* Sources */ = {
			isa = PBXSourcesBuildPhase;
			buildActionMask = 2147483647;
			files = (
				C918DD751897B70D00621806 /* WCFastCollectionViewCell.m in Sources */,
				C9E9D1F2188EC15E007EC932 /* WCTestViewController.m in Sources */,
				C9E9D1AE188EB98F007EC932 /* TestAppDelegate.m in Sources */,
				C9E9D1AA188EB98F007EC932 /* main.m in Sources */,
				C96FFBFC188EC4ED0075A1EF /* NSString+RandomString.m in Sources */,
				C9E9D1EF188EC14D007EC932 /* TestCellViewController.m in Sources */,
				C918DD781897B7CA00621806 /* WCFastCellDrawingLayerDelegate.m in Sources */,
				C98A27BC188FFB67009FCD18 /* WCFCObject.m in Sources */,
				C98A27BB188FFB67009FCD18 /* WCFCLabel.m in Sources */,
				C9E9D1B4188EB98F007EC932 /* TestMasterViewController.m in Sources */,
				C9E9D1E8188EBB2C007EC932 /* TestCell.m in Sources */,
				C98A27BA188FFB67009FCD18 /* WCFCImageView.m in Sources */,
				C98A27B9188FFB67009FCD18 /* WCFastCell.m in Sources */,
				C918DD801897BA3400621806 /* WCFastCellCommon.m in Sources */,
				C9E9D1EC188EBFB9007EC932 /* WCTestCell.m in Sources */,
			);
			runOnlyForDeploymentPostprocessing = 0;
		};
		C9E9D1BA188EB990007EC932 /* Sources */ = {
			isa = PBXSourcesBuildPhase;
			buildActionMask = 2147483647;
			files = (
				C9E9D1CC188EB991007EC932 /* WCFastCellTestTests.m in Sources */,
			);
			runOnlyForDeploymentPostprocessing = 0;
		};
/* End PBXSourcesBuildPhase section */

/* Begin PBXTargetDependency section */
		C9E9D1C4188EB990007EC932 /* PBXTargetDependency */ = {
			isa = PBXTargetDependency;
			target = C9E9D199188EB98F007EC932 /* WCFastCellTest */;
			targetProxy = C9E9D1C3188EB990007EC932 /* PBXContainerItemProxy */;
		};
/* End PBXTargetDependency section */

/* Begin PBXVariantGroup section */
		C9E9D1A6188EB98F007EC932 /* InfoPlist.strings */ = {
			isa = PBXVariantGroup;
			children = (
				C9E9D1A7188EB98F007EC932 /* en */,
			);
			name = InfoPlist.strings;
			sourceTree = "<group>";
		};
		C9E9D1AF188EB98F007EC932 /* Main.storyboard */ = {
			isa = PBXVariantGroup;
			children = (
				C9E9D1B0188EB98F007EC932 /* Base */,
			);
			name = Main.storyboard;
			sourceTree = "<group>";
		};
		C9E9D1C8188EB991007EC932 /* InfoPlist.strings */ = {
			isa = PBXVariantGroup;
			children = (
				C9E9D1C9188EB991007EC932 /* en */,
			);
			name = InfoPlist.strings;
			sourceTree = "<group>";
		};
/* End PBXVariantGroup section */

/* Begin XCBuildConfiguration section */
		C9E9D1CD188EB991007EC932 /* Debug */ = {
			isa = XCBuildConfiguration;
			buildSettings = {
				ALWAYS_SEARCH_USER_PATHS = NO;
				CLANG_CXX_LANGUAGE_STANDARD = "gnu++0x";
				CLANG_CXX_LIBRARY = "libc++";
				CLANG_ENABLE_MODULES = YES;
				CLANG_ENABLE_OBJC_ARC = YES;
				CLANG_WARN_BOOL_CONVERSION = YES;
				CLANG_WARN_CONSTANT_CONVERSION = YES;
				CLANG_WARN_DIRECT_OBJC_ISA_USAGE = YES_ERROR;
				CLANG_WARN_EMPTY_BODY = YES;
				CLANG_WARN_ENUM_CONVERSION = YES;
				CLANG_WARN_INT_CONVERSION = YES;
				CLANG_WARN_OBJC_ROOT_CLASS = YES_ERROR;
				CLANG_WARN__DUPLICATE_METHOD_MATCH = YES;
				"CODE_SIGN_IDENTITY[sdk=iphoneos*]" = "iPhone Developer";
				COPY_PHASE_STRIP = NO;
				GCC_C_LANGUAGE_STANDARD = gnu99;
				GCC_DYNAMIC_NO_PIC = NO;
				GCC_OPTIMIZATION_LEVEL = 0;
				GCC_PREPROCESSOR_DEFINITIONS = (
					"DEBUG=1",
					"$(inherited)",
				);
				GCC_SYMBOLS_PRIVATE_EXTERN = NO;
				GCC_WARN_64_TO_32_BIT_CONVERSION = YES;
				GCC_WARN_ABOUT_RETURN_TYPE = YES_ERROR;
				GCC_WARN_UNDECLARED_SELECTOR = YES;
				GCC_WARN_UNINITIALIZED_AUTOS = YES;
				GCC_WARN_UNUSED_FUNCTION = YES;
				GCC_WARN_UNUSED_VARIABLE = YES;
				IPHONEOS_DEPLOYMENT_TARGET = 7.0;
				ONLY_ACTIVE_ARCH = YES;
				SDKROOT = iphoneos;
			};
			name = Debug;
		};
		C9E9D1CE188EB991007EC932 /* Release */ = {
			isa = XCBuildConfiguration;
			buildSettings = {
				ALWAYS_SEARCH_USER_PATHS = NO;
				CLANG_CXX_LANGUAGE_STANDARD = "gnu++0x";
				CLANG_CXX_LIBRARY = "libc++";
				CLANG_ENABLE_MODULES = YES;
				CLANG_ENABLE_OBJC_ARC = YES;
				CLANG_WARN_BOOL_CONVERSION = YES;
				CLANG_WARN_CONSTANT_CONVERSION = YES;
				CLANG_WARN_DIRECT_OBJC_ISA_USAGE = YES_ERROR;
				CLANG_WARN_EMPTY_BODY = YES;
				CLANG_WARN_ENUM_CONVERSION = YES;
				CLANG_WARN_INT_CONVERSION = YES;
				CLANG_WARN_OBJC_ROOT_CLASS = YES_ERROR;
				CLANG_WARN__DUPLICATE_METHOD_MATCH = YES;
				"CODE_SIGN_IDENTITY[sdk=iphoneos*]" = "iPhone Developer";
				COPY_PHASE_STRIP = YES;
				ENABLE_NS_ASSERTIONS = NO;
				GCC_C_LANGUAGE_STANDARD = gnu99;
				GCC_WARN_64_TO_32_BIT_CONVERSION = YES;
				GCC_WARN_ABOUT_RETURN_TYPE = YES_ERROR;
				GCC_WARN_UNDECLARED_SELECTOR = YES;
				GCC_WARN_UNINITIALIZED_AUTOS = YES;
				GCC_WARN_UNUSED_FUNCTION = YES;
				GCC_WARN_UNUSED_VARIABLE = YES;
				IPHONEOS_DEPLOYMENT_TARGET = 7.0;
				SDKROOT = iphoneos;
				VALIDATE_PRODUCT = YES;
			};
			name = Release;
		};
		C9E9D1D0188EB991007EC932 /* Debug */ = {
			isa = XCBuildConfiguration;
			buildSettings = {
				ASSETCATALOG_COMPILER_APPICON_NAME = AppIcon;
				ASSETCATALOG_COMPILER_LAUNCHIMAGE_NAME = LaunchImage;
				FRAMEWORK_SEARCH_PATHS = "$(inherited)";
				GCC_PRECOMPILE_PREFIX_HEADER = YES;
				GCC_PREFIX_HEADER = "WCFastCellTest/WCFastCellTest-Prefix.pch";
				HEADER_SEARCH_PATHS = (
					"$(inherited)",
					/Applications/Xcode.app/Contents/Developer/Toolchains/XcodeDefault.xctoolchain/usr/include,
				);
				INFOPLIST_FILE = "WCFastCellTest/WCFastCellTest-Info.plist";
				OTHER_LDFLAGS = "-ObjC";
				PRODUCT_NAME = "$(TARGET_NAME)";
				WRAPPER_EXTENSION = app;
			};
			name = Debug;
		};
		C9E9D1D1188EB991007EC932 /* Release */ = {
			isa = XCBuildConfiguration;
			buildSettings = {
				ASSETCATALOG_COMPILER_APPICON_NAME = AppIcon;
				ASSETCATALOG_COMPILER_LAUNCHIMAGE_NAME = LaunchImage;
				FRAMEWORK_SEARCH_PATHS = "$(inherited)";
				GCC_PRECOMPILE_PREFIX_HEADER = YES;
				GCC_PREFIX_HEADER = "WCFastCellTest/WCFastCellTest-Prefix.pch";
				HEADER_SEARCH_PATHS = (
					"$(inherited)",
					/Applications/Xcode.app/Contents/Developer/Toolchains/XcodeDefault.xctoolchain/usr/include,
				);
				INFOPLIST_FILE = "WCFastCellTest/WCFastCellTest-Info.plist";
				OTHER_LDFLAGS = "-ObjC";
				PRODUCT_NAME = "$(TARGET_NAME)";
				WRAPPER_EXTENSION = app;
			};
			name = Release;
		};
		C9E9D1D3188EB991007EC932 /* Debug */ = {
			isa = XCBuildConfiguration;
			buildSettings = {
				BUNDLE_LOADER = "$(BUILT_PRODUCTS_DIR)/WCFastCellTest.app/WCFastCellTest";
				FRAMEWORK_SEARCH_PATHS = (
					"$(SDKROOT)/Developer/Library/Frameworks",
					"$(inherited)",
					"$(DEVELOPER_FRAMEWORKS_DIR)",
				);
				GCC_PRECOMPILE_PREFIX_HEADER = YES;
				GCC_PREFIX_HEADER = "WCFastCellTest/WCFastCellTest-Prefix.pch";
				GCC_PREPROCESSOR_DEFINITIONS = (
					"DEBUG=1",
					"$(inherited)",
				);
				INFOPLIST_FILE = "WCFastCellTestTests/WCFastCellTestTests-Info.plist";
				PRODUCT_NAME = "$(TARGET_NAME)";
				TEST_HOST = "$(BUNDLE_LOADER)";
				WRAPPER_EXTENSION = xctest;
			};
			name = Debug;
		};
		C9E9D1D4188EB991007EC932 /* Release */ = {
			isa = XCBuildConfiguration;
			buildSettings = {
				BUNDLE_LOADER = "$(BUILT_PRODUCTS_DIR)/WCFastCellTest.app/WCFastCellTest";
				FRAMEWORK_SEARCH_PATHS = (
					"$(SDKROOT)/Developer/Library/Frameworks",
					"$(inherited)",
					"$(DEVELOPER_FRAMEWORKS_DIR)",
				);
				GCC_PRECOMPILE_PREFIX_HEADER = YES;
				GCC_PREFIX_HEADER = "WCFastCellTest/WCFastCellTest-Prefix.pch";
				INFOPLIST_FILE = "WCFastCellTestTests/WCFastCellTestTests-Info.plist";
				PRODUCT_NAME = "$(TARGET_NAME)";
				TEST_HOST = "$(BUNDLE_LOADER)";
				WRAPPER_EXTENSION = xctest;
			};
			name = Release;
		};
/* End XCBuildConfiguration section */

/* Begin XCConfigurationList section */
		C9E9D195188EB98F007EC932 /* Build configuration list for PBXProject "WCFastCellTest" */ = {
			isa = XCConfigurationList;
			buildConfigurations = (
				C9E9D1CD188EB991007EC932 /* Debug */,
				C9E9D1CE188EB991007EC932 /* Release */,
			);
			defaultConfigurationIsVisible = 0;
			defaultConfigurationName = Release;
		};
		C9E9D1CF188EB991007EC932 /* Build configuration list for PBXNativeTarget "WCFastCellTest" */ = {
			isa = XCConfigurationList;
			buildConfigurations = (
				C9E9D1D0188EB991007EC932 /* Debug */,
				C9E9D1D1188EB991007EC932 /* Release */,
			);
			defaultConfigurationIsVisible = 0;
			defaultConfigurationName = Release;
		};
		C9E9D1D2188EB991007EC932 /* Build configuration list for PBXNativeTarget "WCFastCellTestTests" */ = {
			isa = XCConfigurationList;
			buildConfigurations = (
				C9E9D1D3188EB991007EC932 /* Debug */,
				C9E9D1D4188EB991007EC932 /* Release */,
			);
			defaultConfigurationIsVisible = 0;
			defaultConfigurationName = Release;
		};
/* End XCConfigurationList section */
	};
	rootObject = C9E9D192188EB98F007EC932 /* Project object */;
}
